{
  "name": "01-fundamentos-nodejs",
  "version": "1.0.0",
  "lockfileVersion": 3,
  "requires": true,
  "packages": {
    "": {
      "name": "01-fundamentos-nodejs",
      "version": "1.0.0",
      "license": "ISC",
      "dependencies": {
        "01-fundamentos-nodejs": "file:"
      }
    },
    "node_modules/01-fundamentos-nodejs": {
      "resolved": "",
      "link": true
    }
  }
}
